{
  "object": {
    "pins": [
      {
        "package": "AirTurnInterface",
        "repositoryURL": "https://github.com/AirTurn/AirTurnInterface-static-SP.git",
        "state": {
          "branch": null,
          "revision": "c9094dd0e4eee142aef316be46e92bacc41c7146",
          "version": "4.10.0-b.2"
        }
      }
    ]
  },
  "version": 1
}
