{
  "object": {
    "pins": [
      {
        "package": "AirTurnInterface",
        "repositoryURL": "https://github.com/AirTurn/AirTurnInterface-static-SP.git",
        "state": {
          "branch": null,
          "revision": "da0ffcb191b701837ceaca526db687c34bc6746b",
          "version": "4.10.1"
        }
      }
    ]
  },
  "version": 1
}
